Microsoft Visual Studio Solution File, Format Version 12.00
# Visual Studio Version 16
VisualStudioVersion = 16.0.30717.126
MinimumVisualStudioVersion = 10.0.40219.1
Project("{FAE04EC0-301F-11D3-BF4B-00C04F79EFBC}") = "Xamarin.Forms.BaiduMaps", "Xamarin.Forms.BaiduMaps\Xamarin.Forms.BaiduMaps.csproj", "{AD7AE334-360D-4769-8F72-BD79C078FE87}"
EndProject
Project("{FAE04EC0-301F-11D3-BF4B-00C04F79EFBC}") = "Xamarin.Forms.BaiduMaps.iOS", "Xamarin.Forms.BaiduMaps.iOS\Xamarin.Forms.BaiduMaps.iOS.csproj", "{03A93561-6EF7-4EEC-9C2C-C58CD2AF3196}"
EndProject
Project("{FAE04EC0-301F-11D3-BF4B-00C04F79EFBC}") = "Xamarin.Forms.BaiduMaps.Droid", "Xamarin.Forms.BaiduMaps.Droid\Xamarin.Forms.BaiduMaps.Droid.csproj", "{3F0DB3AA-986B-4801-A1B9-C0DF3016C2B6}"
EndProject
Project("{FAE04EC0-301F-11D3-BF4B-00C04F79EFBC}") = "BMapBinding.Droid", "BMapBinding.Droid\BMapBinding.Droid.csproj", "{0B512933-8B33-43BE-8878-317DB02B0D48}"
EndProject
Project("{FAE04EC0-301F-11D3-BF4B-00C04F79EFBC}") = "BMapBinding.iOS", "BMapBinding.iOS\BMapBinding.iOS.csproj", "{EB06C100-FAFE-4BEB-A574-EF4B8561CC32}"
EndProject
Global
	GlobalSection(SolutionConfigurationPlatforms) = preSolution
		Debug|Any CPU = Debug|Any CPU
		Debug|iPhone = Debug|iPhone
		Debug|iPhoneSimulator = Debug|iPhoneSimulator
		Release|Any CPU = Release|Any CPU
		Release|iPhone = Release|iPhone
		Release|iPhoneSimulator = Release|iPhoneSimulator
	EndGlobalSection
	GlobalSection(ProjectConfigurationPlatforms) = postSolution
		{AD7AE334-360D-4769-8F72-BD79C078FE87}.Debug|Any CPU.ActiveCfg = Debug|Any CPU
		{AD7AE334-360D-4769-8F72-BD79C078FE87}.Debug|Any CPU.Build.0 = Debug|Any CPU
		{AD7AE334-360D-4769-8F72-BD79C078FE87}.Debug|iPhone.ActiveCfg = Debug|Any CPU
		{AD7AE334-360D-4769-8F72-BD79C078FE87}.Debug|iPhone.Build.0 = Debug|Any CPU
		{AD7AE334-360D-4769-8F72-BD79C078FE87}.Debug|iPhoneSimulator.ActiveCfg = Debug|Any CPU
		{AD7AE334-360D-4769-8F72-BD79C078FE87}.Debug|iPhoneSimulator.Build.0 = Debug|Any CPU
		{AD7AE334-360D-4769-8F72-BD79C078FE87}.Release|Any CPU.ActiveCfg = Release|Any CPU
		{AD7AE334-360D-4769-8F72-BD79C078FE87}.Release|Any CPU.Build.0 = Release|Any CPU
		{AD7AE334-360D-4769-8F72-BD79C078FE87}.Release|iPhone.ActiveCfg = Release|Any CPU
		{AD7AE334-360D-4769-8F72-BD79C078FE87}.Release|iPhone.Build.0 = Release|Any CPU
		{AD7AE334-360D-4769-8F72-BD79C078FE87}.Release|iPhoneSimulator.ActiveCfg = Release|Any CPU
		{AD7AE334-360D-4769-8F72-BD79C078FE87}.Release|iPhoneSimulator.Build.0 = Release|Any CPU
		{03A93561-6EF7-4EEC-9C2C-C58CD2AF3196}.Debug|Any CPU.ActiveCfg = Debug|Any CPU
		{03A93561-6EF7-4EEC-9C2C-C58CD2AF3196}.Debug|Any CPU.Build.0 = Debug|Any CPU
		{03A93561-6EF7-4EEC-9C2C-C58CD2AF3196}.Debug|iPhone.ActiveCfg = Debug|Any CPU
		{03A93561-6EF7-4EEC-9C2C-C58CD2AF3196}.Debug|iPhone.Build.0 = Debug|Any CPU
		{03A93561-6EF7-4EEC-9C2C-C58CD2AF3196}.Debug|iPhoneSimulator.ActiveCfg = Debug|Any CPU
		{03A93561-6EF7-4EEC-9C2C-C58CD2AF3196}.Debug|iPhoneSimulator.Build.0 = Debug|Any CPU
		{03A93561-6EF7-4EEC-9C2C-C58CD2AF3196}.Release|Any CPU.ActiveCfg = Release|Any CPU
		{03A93561-6EF7-4EEC-9C2C-C58CD2AF3196}.Release|Any CPU.Build.0 = Release|Any CPU
		{03A93561-6EF7-4EEC-9C2C-C58CD2AF3196}.Release|iPhone.ActiveCfg = Release|Any CPU
		{03A93561-6EF7-4EEC-9C2C-C58CD2AF3196}.Release|iPhone.Build.0 = Release|Any CPU
		{03A93561-6EF7-4EEC-9C2C-C58CD2AF3196}.Release|iPhoneSimulator.ActiveCfg = Release|Any CPU
		{03A93561-6EF7-4EEC-9C2C-C58CD2AF3196}.Release|iPhoneSimulator.Build.0 = Release|Any CPU
		{3F0DB3AA-986B-4801-A1B9-C0DF3016C2B6}.Debug|Any CPU.ActiveCfg = Debug|Any CPU
		{3F0DB3AA-986B-4801-A1B9-C0DF3016C2B6}.Debug|Any CPU.Build.0 = Debug|Any CPU
		{3F0DB3AA-986B-4801-A1B9-C0DF3016C2B6}.Debug|iPhone.ActiveCfg = Debug|Any CPU
		{3F0DB3AA-986B-4801-A1B9-C0DF3016C2B6}.Debug|iPhone.Build.0 = Debug|Any CPU
		{3F0DB3AA-986B-4801-A1B9-C0DF3016C2B6}.Debug|iPhoneSimulator.ActiveCfg = Debug|Any CPU
		{3F0DB3AA-986B-4801-A1B9-C0DF3016C2B6}.Debug|iPhoneSimulator.Build.0 = Debug|Any CPU
		{3F0DB3AA-986B-4801-A1B9-C0DF3016C2B6}.Release|Any CPU.ActiveCfg = Release|Any CPU
		{3F0DB3AA-986B-4801-A1B9-C0DF3016C2B6}.Release|Any CPU.Build.0 = Release|Any CPU
		{3F0DB3AA-986B-4801-A1B9-C0DF3016C2B6}.Release|iPhone.ActiveCfg = Release|Any CPU
		{3F0DB3AA-986B-4801-A1B9-C0DF3016C2B6}.Release|iPhone.Build.0 = Release|Any CPU
		{3F0DB3AA-986B-4801-A1B9-C0DF3016C2B6}.Release|iPhoneSimulator.ActiveCfg = Release|Any CPU
		{3F0DB3AA-986B-4801-A1B9-C0DF3016C2B6}.Release|iPhoneSimulator.Build.0 = Release|Any CPU
		{0B512933-8B33-43BE-8878-317DB02B0D48}.Debug|Any CPU.ActiveCfg = Debug|Any CPU
		{0B512933-8B33-43BE-8878-317DB02B0D48}.Debug|Any CPU.Build.0 = Debug|Any CPU
		{0B512933-8B33-43BE-8878-317DB02B0D48}.Debug|iPhone.ActiveCfg = Debug|Any CPU
		{0B512933-8B33-43BE-8878-317DB02B0D48}.Debug|iPhone.Build.0 = Debug|Any CPU
		{0B512933-8B33-43BE-8878-317DB02B0D48}.Debug|iPhoneSimulator.ActiveCfg = Debug|Any CPU
		{0B512933-8B33-43BE-8878-317DB02B0D48}.Debug|iPhoneSimulator.Build.0 = Debug|Any CPU
		{0B512933-8B33-43BE-8878-317DB02B0D48}.Release|Any CPU.ActiveCfg = Release|Any CPU
		{0B512933-8B33-43BE-8878-317DB02B0D48}.Release|Any CPU.Build.0 = Release|Any CPU
		{0B512933-8B33-43BE-8878-317DB02B0D48}.Release|iPhone.ActiveCfg = Release|Any CPU
		{0B512933-8B33-43BE-8878-317DB02B0D48}.Release|iPhone.Build.0 = Release|Any CPU
		{0B512933-8B33-43BE-8878-317DB02B0D48}.Release|iPhoneSimulator.ActiveCfg = Release|Any CPU
		{0B512933-8B33-43BE-8878-317DB02B0D48}.Release|iPhoneSimulator.Build.0 = Release|Any CPU
		{EB06C100-FAFE-4BEB-A574-EF4B8561CC32}.Debug|Any CPU.ActiveCfg = Debug|Any CPU
		{EB06C100-FAFE-4BEB-A574-EF4B8561CC32}.Debug|Any CPU.Build.0 = Debug|Any CPU
		{EB06C100-FAFE-4BEB-A574-EF4B8561CC32}.Debug|iPhone.ActiveCfg = Debug|Any CPU
		{EB06C100-FAFE-4BEB-A574-EF4B8561CC32}.Debug|iPhone.Build.0 = Debug|Any CPU
		{EB06C100-FAFE-4BEB-A574-EF4B8561CC32}.Debug|iPhoneSimulator.ActiveCfg = Debug|Any CPU
		{EB06C100-FAFE-4BEB-A574-EF4B8561CC32}.Debug|iPhoneSimulator.Build.0 = Debug|Any CPU
		{EB06C100-FAFE-4BEB-A574-EF4B8561CC32}.Release|Any CPU.ActiveCfg = Release|Any CPU
		{EB06C100-FAFE-4BEB-A574-EF4B8561CC32}.Release|Any CPU.Build.0 = Release|Any CPU
		{EB06C100-FAFE-4BEB-A574-EF4B8561CC32}.Release|iPhone.ActiveCfg = Release|Any CPU
		{EB06C100-FAFE-4BEB-A574-EF4B8561CC32}.Release|iPhone.Build.0 = Release|Any CPU
		{EB06C100-FAFE-4BEB-A574-EF4B8561CC32}.Release|iPhoneSimulator.ActiveCfg = Release|Any CPU
		{EB06C100-FAFE-4BEB-A574-EF4B8561CC32}.Release|iPhoneSimulator.Build.0 = Release|Any CPU
	EndGlobalSection
	GlobalSection(SolutionProperties) = preSolution
		HideSolutionNode = FALSE
	EndGlobalSection
	GlobalSection(ExtensibilityGlobals) = postSolution
		SolutionGuid = {8324A0D2-E288-48C9-9BFB-32236CDB73B1}
	EndGlobalSection
EndGlobal
